
Microsoft Visual Studio Solution File, Format Version 12.00
# Visual Studio Version 17
VisualStudioVersion = 17.2.32630.192
MinimumVisualStudioVersion = 10.0.40219.1
Project("{FAE04EC0-301F-11D3-BF4B-00C04F79EFBC}") = "WebApplication1", "WebApplication1\WebApplication1.csproj", "{CAFCCF93-ECB8-40EE-9FFA-9992E47DF4FB}"
EndProject
Global
	GlobalSection(SolutionConfigurationPlatforms) = preSolution
		Debug|Any CPU = Debug|Any CPU
		Release|Any CPU = Release|Any CPU
	EndGlobalSection
	GlobalSection(ProjectConfigurationPlatforms) = postSolution
		{CAFCCF93-ECB8-40EE-9FFA-9992E47DF4FB}.Debug|Any CPU.ActiveCfg = Debug|Any CPU
		{CAFCCF93-ECB8-40EE-9FFA-9992E47DF4FB}.Debug|Any CPU.Build.0 = Debug|Any CPU
		{CAFCCF93-ECB8-40EE-9FFA-9992E47DF4FB}.Release|Any CPU.ActiveCfg = Release|Any CPU
		{CAFCCF93-ECB8-40EE-9FFA-9992E47DF4FB}.Release|Any CPU.Build.0 = Release|Any CPU
	EndGlobalSection
	GlobalSection(SolutionProperties) = preSolution
		HideSolutionNode = FALSE
	EndGlobalSection
	GlobalSection(ExtensibilityGlobals) = postSolution
		SolutionGuid = {46FAB85B-4991-4DFC-89EB-8D6EFF3EC3EB}
	EndGlobalSection
EndGlobal
